
Microsoft Visual Studio Solution File, Format Version 12.00
# Visual Studio Version 16
VisualStudioVersion = 16.0.31702.278
MinimumVisualStudioVersion = 10.0.40219.1
Project("{FAE04EC0-301F-11D3-BF4B-00C04F79EFBC}") = "Lab2_WpfApp", "Lab2_WpfApp\Lab2_WpfApp.csproj", "{8FCB4A8F-478A-4612-B583-09EC9C4FE1D0}"
EndProject
Global
	GlobalSection(SolutionConfigurationPlatforms) = preSolution
		Debug|Any CPU = Debug|Any CPU
		Release|Any CPU = Release|Any CPU
	EndGlobalSection
	GlobalSection(ProjectConfigurationPlatforms) = postSolution
		{8FCB4A8F-478A-4612-B583-09EC9C4FE1D0}.Debug|Any CPU.ActiveCfg = Debug|Any CPU
		{8FCB4A8F-478A-4612-B583-09EC9C4FE1D0}.Debug|Any CPU.Build.0 = Debug|Any CPU
		{8FCB4A8F-478A-4612-B583-09EC9C4FE1D0}.Release|Any CPU.ActiveCfg = Release|Any CPU
		{8FCB4A8F-478A-4612-B583-09EC9C4FE1D0}.Release|Any CPU.Build.0 = Release|Any CPU
	EndGlobalSection
	GlobalSection(SolutionProperties) = preSolution
		HideSolutionNode = FALSE
	EndGlobalSection
	GlobalSection(ExtensibilityGlobals) = postSolution
		SolutionGuid = {707CB1D8-A6AD-4B4F-A0F5-8DEFCD3C204E}
	EndGlobalSection
EndGlobal
